
Microsoft Visual Studio Solution File, Format Version 12.00
# Visual Studio 15
VisualStudioVersion = 15.0.27004.2002
MinimumVisualStudioVersion = 10.0.40219.1
Project("{FAE04EC0-301F-11D3-BF4B-00C04F79EFBC}") = "SOZLUKConsoleApp", "SOZLUKConsoleApp\SOZLUKConsoleApp.csproj", "{9E1413B9-6606-47EF-8520-C4B279A8AD0D}"
EndProject
Global
	GlobalSection(SolutionConfigurationPlatforms) = preSolution
		Debug|Any CPU = Debug|Any CPU
		Release|Any CPU = Release|Any CPU
	EndGlobalSection
	GlobalSection(ProjectConfigurationPlatforms) = postSolution
		{9E1413B9-6606-47EF-8520-C4B279A8AD0D}.Debug|Any CPU.ActiveCfg = Debug|Any CPU
		{9E1413B9-6606-47EF-8520-C4B279A8AD0D}.Debug|Any CPU.Build.0 = Debug|Any CPU
		{9E1413B9-6606-47EF-8520-C4B279A8AD0D}.Release|Any CPU.ActiveCfg = Release|Any CPU
		{9E1413B9-6606-47EF-8520-C4B279A8AD0D}.Release|Any CPU.Build.0 = Release|Any CPU
	EndGlobalSection
	GlobalSection(SolutionProperties) = preSolution
		HideSolutionNode = FALSE
	EndGlobalSection
	GlobalSection(ExtensibilityGlobals) = postSolution
		SolutionGuid = {64849CB1-02D4-463A-B1CC-B9A93C6EAAD6}
	EndGlobalSection
EndGlobal
