
Microsoft Visual Studio Solution File, Format Version 12.00
# Visual Studio 15
VisualStudioVersion = 15.0.26730.16
MinimumVisualStudioVersion = 10.0.40219.1
Project("{FAE04EC0-301F-11D3-BF4B-00C04F79EFBC}") = "Grup3ClassLibrary", "Grup3ClassLibrary\Grup3ClassLibrary.csproj", "{46739FAE-E48A-46A1-AE37-6593C99CCE1D}"
EndProject
Global
	GlobalSection(SolutionConfigurationPlatforms) = preSolution
		Debug|Any CPU = Debug|Any CPU
		Release|Any CPU = Release|Any CPU
	EndGlobalSection
	GlobalSection(ProjectConfigurationPlatforms) = postSolution
		{46739FAE-E48A-46A1-AE37-6593C99CCE1D}.Debug|Any CPU.ActiveCfg = Debug|Any CPU
		{46739FAE-E48A-46A1-AE37-6593C99CCE1D}.Debug|Any CPU.Build.0 = Debug|Any CPU
		{46739FAE-E48A-46A1-AE37-6593C99CCE1D}.Release|Any CPU.ActiveCfg = Release|Any CPU
		{46739FAE-E48A-46A1-AE37-6593C99CCE1D}.Release|Any CPU.Build.0 = Release|Any CPU
	EndGlobalSection
	GlobalSection(SolutionProperties) = preSolution
		HideSolutionNode = FALSE
	EndGlobalSection
	GlobalSection(ExtensibilityGlobals) = postSolution
		SolutionGuid = {78FDC436-BE2A-4B9D-91DA-D73FF5A36E0B}
	EndGlobalSection
EndGlobal
