
Microsoft Visual Studio Solution File, Format Version 12.00
# Visual Studio 15
VisualStudioVersion = 15.0.26730.16
MinimumVisualStudioVersion = 10.0.40219.1
Project("{FAE04EC0-301F-11D3-BF4B-00C04F79EFBC}") = "Grup1ClassLibrary", "Grup1ClassLibrary\Grup1ClassLibrary.csproj", "{EFD83E0C-F4FF-4BA3-89BE-D4ED67889CF2}"
EndProject
Global
	GlobalSection(SolutionConfigurationPlatforms) = preSolution
		Debug|Any CPU = Debug|Any CPU
		Release|Any CPU = Release|Any CPU
	EndGlobalSection
	GlobalSection(ProjectConfigurationPlatforms) = postSolution
		{EFD83E0C-F4FF-4BA3-89BE-D4ED67889CF2}.Debug|Any CPU.ActiveCfg = Debug|Any CPU
		{EFD83E0C-F4FF-4BA3-89BE-D4ED67889CF2}.Debug|Any CPU.Build.0 = Debug|Any CPU
		{EFD83E0C-F4FF-4BA3-89BE-D4ED67889CF2}.Release|Any CPU.ActiveCfg = Release|Any CPU
		{EFD83E0C-F4FF-4BA3-89BE-D4ED67889CF2}.Release|Any CPU.Build.0 = Release|Any CPU
	EndGlobalSection
	GlobalSection(SolutionProperties) = preSolution
		HideSolutionNode = FALSE
	EndGlobalSection
	GlobalSection(ExtensibilityGlobals) = postSolution
		SolutionGuid = {6654E268-B2DD-4E9B-A8AF-6F854FD1E4FC}
	EndGlobalSection
EndGlobal
